// !$*UTF8*$!
{
	archiveVersion = 1;
	classes = {
	};
	objectVersion = 46;
	objects = {

/* Begin PBXBuildFile section */
		5D9043AE179DA7C700445280 /* UIKit.framework in Frameworks */ = {isa = PBXBuildFile; fileRef = 5D9043AD179DA7C700445280 /* UIKit.framework */; };
		5D9043B0179DA7C700445280 /* Foundation.framework in Frameworks */ = {isa = PBXBuildFile; fileRef = 5D9043AF179DA7C700445280 /* Foundation.framework */; };
		5D9043B2179DA7C700445280 /* CoreGraphics.framework in Frameworks */ = {isa = PBXBuildFile; fileRef = 5D9043B1179DA7C700445280 /* CoreGraphics.framework */; };
		5D9043B4179DA7C700445280 /* CoreData.framework in Frameworks */ = {isa = PBXBuildFile; fileRef = 5D9043B3179DA7C700445280 /* CoreData.framework */; };
		5D9043BA179DA7C700445280 /* InfoPlist.strings in Resources */ = {isa = PBXBuildFile; fileRef = 5D9043B8179DA7C700445280 /* InfoPlist.strings */; };
		5D9043BC179DA7C700445280 /* main.m in Sources */ = {isa = PBXBuildFile; fileRef = 5D9043BB179DA7C700445280 /* main.m */; };
		5D9043C0179DA7C700445280 /* MiniPictourAppDelegate.m in Sources */ = {isa = PBXBuildFile; fileRef = 5D9043BF179DA7C700445280 /* MiniPictourAppDelegate.m */; };
		5D9043C2179DA7C700445280 /* Default.png in Resources */ = {isa = PBXBuildFile; fileRef = 5D9043C1179DA7C700445280 /* Default.png */; };
		5D9043C4179DA7C700445280 /* Default@2x.png in Resources */ = {isa = PBXBuildFile; fileRef = 5D9043C3179DA7C700445280 /* Default@2x.png */; };
		5D9043C6179DA7C700445280 /* Default-568h@2x.png in Resources */ = {isa = PBXBuildFile; fileRef = 5D9043C5179DA7C700445280 /* Default-568h@2x.png */; };
		5D9043D0179DAE1400445280 /* FacebookSDK.framework in Frameworks */ = {isa = PBXBuildFile; fileRef = 5D9043CF179DAE1400445280 /* FacebookSDK.framework */; };
		5D9043D2179DAE8600445280 /* FacebookSDKResources.bundle in Resources */ = {isa = PBXBuildFile; fileRef = 5D9043D1179DAE8600445280 /* FacebookSDKResources.bundle */; };
		5D9043D9179DAF2B00445280 /* Accounts.framework in Frameworks */ = {isa = PBXBuildFile; fileRef = 5D9043D3179DAF2B00445280 /* Accounts.framework */; };
		5D9043DA179DAF2B00445280 /* AdSupport.framework in Frameworks */ = {isa = PBXBuildFile; fileRef = 5D9043D4179DAF2B00445280 /* AdSupport.framework */; };
		5D9043DB179DAF2B00445280 /* libsqlite3.0.dylib in Frameworks */ = {isa = PBXBuildFile; fileRef = 5D9043D5179DAF2B00445280 /* libsqlite3.0.dylib */; };
		5D9043DC179DAF2B00445280 /* libsqlite3.dylib in Frameworks */ = {isa = PBXBuildFile; fileRef = 5D9043D6179DAF2B00445280 /* libsqlite3.dylib */; };
		5D9043DD179DAF2B00445280 /* Security.framework in Frameworks */ = {isa = PBXBuildFile; fileRef = 5D9043D7179DAF2B00445280 /* Security.framework */; };
		5D9043DE179DAF2B00445280 /* Social.framework in Frameworks */ = {isa = PBXBuildFile; fileRef = 5D9043D8179DAF2B00445280 /* Social.framework */; };
		5D9044AF179DBB7200445280 /* AFHTTPClient.m in Sources */ = {isa = PBXBuildFile; fileRef = 5D90449D179DBB7200445280 /* AFHTTPClient.m */; settings = {COMPILER_FLAGS = "-fobjc-arc"; }; };
		5D9044B0179DBB7200445280 /* AFHTTPRequestOperation.m in Sources */ = {isa = PBXBuildFile; fileRef = 5D90449F179DBB7200445280 /* AFHTTPRequestOperation.m */; settings = {COMPILER_FLAGS = "-fobjc-arc"; }; };
		5D9044B1179DBB7200445280 /* AFImageRequestOperation.m in Sources */ = {isa = PBXBuildFile; fileRef = 5D9044A1179DBB7200445280 /* AFImageRequestOperation.m */; settings = {COMPILER_FLAGS = "-fobjc-arc"; }; };
		5D9044B2179DBB7200445280 /* AFJSONRequestOperation.m in Sources */ = {isa = PBXBuildFile; fileRef = 5D9044A3179DBB7200445280 /* AFJSONRequestOperation.m */; settings = {COMPILER_FLAGS = "-fobjc-arc"; }; };
		5D9044B3179DBB7200445280 /* AFNetworkActivityIndicatorManager.m in Sources */ = {isa = PBXBuildFile; fileRef = 5D9044A5179DBB7200445280 /* AFNetworkActivityIndicatorManager.m */; settings = {COMPILER_FLAGS = "-fobjc-arc"; }; };
		5D9044B4179DBB7200445280 /* AFPropertyListRequestOperation.m in Sources */ = {isa = PBXBuildFile; fileRef = 5D9044A8179DBB7200445280 /* AFPropertyListRequestOperation.m */; settings = {COMPILER_FLAGS = "-fobjc-arc"; }; };
		5D9044B5179DBB7200445280 /* AFURLConnectionOperation.m in Sources */ = {isa = PBXBuildFile; fileRef = 5D9044AA179DBB7200445280 /* AFURLConnectionOperation.m */; settings = {COMPILER_FLAGS = "-fobjc-arc"; }; };
		5D9044B6179DBB7200445280 /* AFXMLRequestOperation.m in Sources */ = {isa = PBXBuildFile; fileRef = 5D9044AC179DBB7200445280 /* AFXMLRequestOperation.m */; settings = {COMPILER_FLAGS = "-fobjc-arc"; }; };
		5D9044B7179DBB7200445280 /* UIImageView+AFNetworking.m in Sources */ = {isa = PBXBuildFile; fileRef = 5D9044AE179DBB7200445280 /* UIImageView+AFNetworking.m */; settings = {COMPILER_FLAGS = "-fobjc-arc"; }; };
		5D9044BB179DD4F800445280 /* MiniPictourViewController.m in Sources */ = {isa = PBXBuildFile; fileRef = 5D9044B9179DD4F800445280 /* MiniPictourViewController.m */; };
		5D9044BC179DD4F800445280 /* MiniPictourViewController.xib in Resources */ = {isa = PBXBuildFile; fileRef = 5D9044BA179DD4F800445280 /* MiniPictourViewController.xib */; };
		5D9044BE179DD80800445280 /* Parse.framework in Frameworks */ = {isa = PBXBuildFile; fileRef = 5D9044BD179DD80800445280 /* Parse.framework */; };
		5D9044C8179DD89100445280 /* AudioToolbox.framework in Frameworks */ = {isa = PBXBuildFile; fileRef = 5D9044BF179DD89100445280 /* AudioToolbox.framework */; };
		5D9044C9179DD89100445280 /* CFNetwork.framework in Frameworks */ = {isa = PBXBuildFile; fileRef = 5D9044C0179DD89100445280 /* CFNetwork.framework */; };
		5D9044CA179DD89100445280 /* CoreLocation.framework in Frameworks */ = {isa = PBXBuildFile; fileRef = 5D9044C1179DD89100445280 /* CoreLocation.framework */; };
		5D9044CB179DD89100445280 /* libbz2.1.0.dylib in Frameworks */ = {isa = PBXBuildFile; fileRef = 5D9044C2179DD89100445280 /* libbz2.1.0.dylib */; };
		5D9044CC179DD89100445280 /* libbz2.dylib in Frameworks */ = {isa = PBXBuildFile; fileRef = 5D9044C3179DD89100445280 /* libbz2.dylib */; };
		5D9044CD179DD89100445280 /* MobileCoreServices.framework in Frameworks */ = {isa = PBXBuildFile; fileRef = 5D9044C4179DD89100445280 /* MobileCoreServices.framework */; };
		5D9044CE179DD89100445280 /* QuartzCore.framework in Frameworks */ = {isa = PBXBuildFile; fileRef = 5D9044C5179DD89100445280 /* QuartzCore.framework */; };
		5D9044CF179DD89100445280 /* StoreKit.framework in Frameworks */ = {isa = PBXBuildFile; fileRef = 5D9044C6179DD89100445280 /* StoreKit.framework */; };
		5D9044D0179DD89100445280 /* SystemConfiguration.framework in Frameworks */ = {isa = PBXBuildFile; fileRef = 5D9044C7179DD89100445280 /* SystemConfiguration.framework */; };
		5D93366417A6DDD700C86F21 /* TourViewController.m in Sources */ = {isa = PBXBuildFile; fileRef = 5D93366217A6DDD700C86F21 /* TourViewController.m */; };
		5D93366517A6DDD700C86F21 /* TourViewController.xib in Resources */ = {isa = PBXBuildFile; fileRef = 5D93366317A6DDD700C86F21 /* TourViewController.xib */; };
		5D93366917A71AA700C86F21 /* NewTourPointViewController.m in Sources */ = {isa = PBXBuildFile; fileRef = 5D93366717A71AA700C86F21 /* NewTourPointViewController.m */; };
		5D93366A17A71AA700C86F21 /* NewTourPointViewController.xib in Resources */ = {isa = PBXBuildFile; fileRef = 5D93366817A71AA700C86F21 /* NewTourPointViewController.xib */; };
		5D93469417A02DC400A75FAA /* MapKit.framework in Frameworks */ = {isa = PBXBuildFile; fileRef = 5D93469317A02DC400A75FAA /* MapKit.framework */; };
		5D93469717A045D000A75FAA /* Annotation.m in Sources */ = {isa = PBXBuildFile; fileRef = 5D93469617A045D000A75FAA /* Annotation.m */; };
		5D93469B17A061DA00A75FAA /* TourCreationViewController.m in Sources */ = {isa = PBXBuildFile; fileRef = 5D93469917A061DA00A75FAA /* TourCreationViewController.m */; };
		5D93469C17A061DA00A75FAA /* TourCreationViewController.xib in Resources */ = {isa = PBXBuildFile; fileRef = 5D93469A17A061DA00A75FAA /* TourCreationViewController.xib */; };
		5D93469F17A0868700A75FAA /* TPKeyboardAvoidingScrollView.m in Sources */ = {isa = PBXBuildFile; fileRef = 5D93469E17A0868700A75FAA /* TPKeyboardAvoidingScrollView.m */; };
		5D99A3D617A964EB004A51F0 /* TourCell.m in Sources */ = {isa = PBXBuildFile; fileRef = 5D99A3D517A964EB004A51F0 /* TourCell.m */; };
		5D99A3DA17A9CB57004A51F0 /* TourDescriptionViewController.m in Sources */ = {isa = PBXBuildFile; fileRef = 5D99A3D817A9CB57004A51F0 /* TourDescriptionViewController.m */; };
		5D99A3DB17A9CB57004A51F0 /* TourDescriptionViewController.xib in Resources */ = {isa = PBXBuildFile; fileRef = 5D99A3D917A9CB57004A51F0 /* TourDescriptionViewController.xib */; };
		5DB78B29179F25660071BC97 /* MiniPictourMapViewController.m in Sources */ = {isa = PBXBuildFile; fileRef = 5DB78B27179F25660071BC97 /* MiniPictourMapViewController.m */; };
		5DB78B2A179F25660071BC97 /* MiniPictourMapViewController.xib in Resources */ = {isa = PBXBuildFile; fileRef = 5DB78B28179F25660071BC97 /* MiniPictourMapViewController.xib */; };
		5DFBEA3117A872F50016D6AD /* UserToursViewController.m in Sources */ = {isa = PBXBuildFile; fileRef = 5DFBEA2F17A872F40016D6AD /* UserToursViewController.m */; };
/* End PBXBuildFile section */

/* Begin PBXFileReference section */
		5D9043AA179DA7C700445280 /* MiniPictour.app */ = {isa = PBXFileReference; explicitFileType = wrapper.application; includeInIndex = 0; path = MiniPictour.app; sourceTree = BUILT_PRODUCTS_DIR; };
		5D9043AD179DA7C700445280 /* UIKit.framework */ = {isa = PBXFileReference; lastKnownFileType = wrapper.framework; name = UIKit.framework; path = System/Library/Frameworks/UIKit.framework; sourceTree = SDKROOT; };
		5D9043AF179DA7C700445280 /* Foundation.framework */ = {isa = PBXFileReference; lastKnownFileType = wrapper.framework; name = Foundation.framework; path = System/Library/Frameworks/Foundation.framework; sourceTree = SDKROOT; };
		5D9043B1179DA7C700445280 /* CoreGraphics.framework */ = {isa = PBXFileReference; lastKnownFileType = wrapper.framework; name = CoreGraphics.framework; path = System/Library/Frameworks/CoreGraphics.framework; sourceTree = SDKROOT; };
		5D9043B3179DA7C700445280 /* CoreData.framework */ = {isa = PBXFileReference; lastKnownFileType = wrapper.framework; name = CoreData.framework; path = System/Library/Frameworks/CoreData.framework; sourceTree = SDKROOT; };
		5D9043B7179DA7C700445280 /* MiniPictour-Info.plist */ = {isa = PBXFileReference; lastKnownFileType = text.plist.xml; path = "MiniPictour-Info.plist"; sourceTree = "<group>"; };
		5D9043B9179DA7C700445280 /* en */ = {isa = PBXFileReference; lastKnownFileType = text.plist.strings; name = en; path = en.lproj/InfoPlist.strings; sourceTree = "<group>"; };
		5D9043BB179DA7C700445280 /* main.m */ = {isa = PBXFileReference; lastKnownFileType = sourcecode.c.objc; path = main.m; sourceTree = "<group>"; };
		5D9043BD179DA7C700445280 /* MiniPictour-Prefix.pch */ = {isa = PBXFileReference; lastKnownFileType = sourcecode.c.h; path = "MiniPictour-Prefix.pch"; sourceTree = "<group>"; };
		5D9043BE179DA7C700445280 /* MiniPictourAppDelegate.h */ = {isa = PBXFileReference; lastKnownFileType = sourcecode.c.h; path = MiniPictourAppDelegate.h; sourceTree = "<group>"; };
		5D9043BF179DA7C700445280 /* MiniPictourAppDelegate.m */ = {isa = PBXFileReference; lastKnownFileType = sourcecode.c.objc; path = MiniPictourAppDelegate.m; sourceTree = "<group>"; };
		5D9043C1179DA7C700445280 /* Default.png */ = {isa = PBXFileReference; lastKnownFileType = image.png; path = Default.png; sourceTree = "<group>"; };
		5D9043C3179DA7C700445280 /* Default@2x.png */ = {isa = PBXFileReference; lastKnownFileType = image.png; path = "Default@2x.png"; sourceTree = "<group>"; };
		5D9043C5179DA7C700445280 /* Default-568h@2x.png */ = {isa = PBXFileReference; lastKnownFileType = image.png; path = "Default-568h@2x.png"; sourceTree = "<group>"; };
		5D9043CF179DAE1400445280 /* FacebookSDK.framework */ = {isa = PBXFileReference; lastKnownFileType = wrapper.framework; path = FacebookSDK.framework; sourceTree = "<group>"; };
		5D9043D1179DAE8600445280 /* FacebookSDKResources.bundle */ = {isa = PBXFileReference; lastKnownFileType = "wrapper.plug-in"; path = FacebookSDKResources.bundle; sourceTree = "<group>"; };
		5D9043D3179DAF2B00445280 /* Accounts.framework */ = {isa = PBXFileReference; lastKnownFileType = wrapper.framework; name = Accounts.framework; path = System/Library/Frameworks/Accounts.framework; sourceTree = SDKROOT; };
		5D9043D4179DAF2B00445280 /* AdSupport.framework */ = {isa = PBXFileReference; lastKnownFileType = wrapper.framework; name = AdSupport.framework; path = System/Library/Frameworks/AdSupport.framework; sourceTree = SDKROOT; };
		5D9043D5179DAF2B00445280 /* libsqlite3.0.dylib */ = {isa = PBXFileReference; lastKnownFileType = "compiled.mach-o.dylib"; name = libsqlite3.0.dylib; path = usr/lib/libsqlite3.0.dylib; sourceTree = SDKROOT; };
		5D9043D6179DAF2B00445280 /* libsqlite3.dylib */ = {isa = PBXFileReference; lastKnownFileType = "compiled.mach-o.dylib"; name = libsqlite3.dylib; path = usr/lib/libsqlite3.dylib; sourceTree = SDKROOT; };
		5D9043D7179DAF2B00445280 /* Security.framework */ = {isa = PBXFileReference; lastKnownFileType = wrapper.framework; name = Security.framework; path = System/Library/Frameworks/Security.framework; sourceTree = SDKROOT; };
		5D9043D8179DAF2B00445280 /* Social.framework */ = {isa = PBXFileReference; lastKnownFileType = wrapper.framework; name = Social.framework; path = System/Library/Frameworks/Social.framework; sourceTree = SDKROOT; };
		5D90449C179DBB7200445280 /* AFHTTPClient.h */ = {isa = PBXFileReference; fileEncoding = 4; lastKnownFileType = sourcecode.c.h; path = AFHTTPClient.h; sourceTree = "<group>"; };
		5D90449D179DBB7200445280 /* AFHTTPClient.m */ = {isa = PBXFileReference; fileEncoding = 4; lastKnownFileType = sourcecode.c.objc; path = AFHTTPClient.m; sourceTree = "<group>"; };
		5D90449E179DBB7200445280 /* AFHTTPRequestOperation.h */ = {isa = PBXFileReference; fileEncoding = 4; lastKnownFileType = sourcecode.c.h; path = AFHTTPRequestOperation.h; sourceTree = "<group>"; };
		5D90449F179DBB7200445280 /* AFHTTPRequestOperation.m */ = {isa = PBXFileReference; fileEncoding = 4; lastKnownFileType = sourcecode.c.objc; path = AFHTTPRequestOperation.m; sourceTree = "<group>"; };
		5D9044A0179DBB7200445280 /* AFImageRequestOperation.h */ = {isa = PBXFileReference; fileEncoding = 4; lastKnownFileType = sourcecode.c.h; path = AFImageRequestOperation.h; sourceTree = "<group>"; };
		5D9044A1179DBB7200445280 /* AFImageRequestOperation.m */ = {isa = PBXFileReference; fileEncoding = 4; lastKnownFileType = sourcecode.c.objc; path = AFImageRequestOperation.m; sourceTree = "<group>"; };
		5D9044A2179DBB7200445280 /* AFJSONRequestOperation.h */ = {isa = PBXFileReference; fileEncoding = 4; lastKnownFileType = sourcecode.c.h; path = AFJSONRequestOperation.h; sourceTree = "<group>"; };
		5D9044A3179DBB7200445280 /* AFJSONRequestOperation.m */ = {isa = PBXFileReference; fileEncoding = 4; lastKnownFileType = sourcecode.c.objc; path = AFJSONRequestOperation.m; sourceTree = "<group>"; };
		5D9044A4179DBB7200445280 /* AFNetworkActivityIndicatorManager.h */ = {isa = PBXFileReference; fileEncoding = 4; lastKnownFileType = sourcecode.c.h; path = AFNetworkActivityIndicatorManager.h; sourceTree = "<group>"; };
		5D9044A5179DBB7200445280 /* AFNetworkActivityIndicatorManager.m */ = {isa = PBXFileReference; fileEncoding = 4; lastKnownFileType = sourcecode.c.objc; path = AFNetworkActivityIndicatorManager.m; sourceTree = "<group>"; };
		5D9044A6179DBB7200445280 /* AFNetworking.h */ = {isa = PBXFileReference; fileEncoding = 4; lastKnownFileType = sourcecode.c.h; path = AFNetworking.h; sourceTree = "<group>"; };
		5D9044A7179DBB7200445280 /* AFPropertyListRequestOperation.h */ = {isa = PBXFileReference; fileEncoding = 4; lastKnownFileType = sourcecode.c.h; path = AFPropertyListRequestOperation.h; sourceTree = "<group>"; };
		5D9044A8179DBB7200445280 /* AFPropertyListRequestOperation.m */ = {isa = PBXFileReference; fileEncoding = 4; lastKnownFileType = sourcecode.c.objc; path = AFPropertyListRequestOperation.m; sourceTree = "<group>"; };
		5D9044A9179DBB7200445280 /* AFURLConnectionOperation.h */ = {isa = PBXFileReference; fileEncoding = 4; lastKnownFileType = sourcecode.c.h; path = AFURLConnectionOperation.h; sourceTree = "<group>"; };
		5D9044AA179DBB7200445280 /* AFURLConnectionOperation.m */ = {isa = PBXFileReference; fileEncoding = 4; lastKnownFileType = sourcecode.c.objc; path = AFURLConnectionOperation.m; sourceTree = "<group>"; };
		5D9044AB179DBB7200445280 /* AFXMLRequestOperation.h */ = {isa = PBXFileReference; fileEncoding = 4; lastKnownFileType = sourcecode.c.h; path = AFXMLRequestOperation.h; sourceTree = "<group>"; };
		5D9044AC179DBB7200445280 /* AFXMLRequestOperation.m */ = {isa = PBXFileReference; fileEncoding = 4; lastKnownFileType = sourcecode.c.objc; path = AFXMLRequestOperation.m; sourceTree = "<group>"; };
		5D9044AD179DBB7200445280 /* UIImageView+AFNetworking.h */ = {isa = PBXFileReference; fileEncoding = 4; lastKnownFileType = sourcecode.c.h; path = "UIImageView+AFNetworking.h"; sourceTree = "<group>"; };
		5D9044AE179DBB7200445280 /* UIImageView+AFNetworking.m */ = {isa = PBXFileReference; fileEncoding = 4; lastKnownFileType = sourcecode.c.objc; path = "UIImageView+AFNetworking.m"; sourceTree = "<group>"; };
		5D9044B8179DD4F800445280 /* MiniPictourViewController.h */ = {isa = PBXFileReference; fileEncoding = 4; lastKnownFileType = sourcecode.c.h; path = MiniPictourViewController.h; sourceTree = "<group>"; };
		5D9044B9179DD4F800445280 /* MiniPictourViewController.m */ = {isa = PBXFileReference; fileEncoding = 4; lastKnownFileType = sourcecode.c.objc; path = MiniPictourViewController.m; sourceTree = "<group>"; };
		5D9044BA179DD4F800445280 /* MiniPictourViewController.xib */ = {isa = PBXFileReference; fileEncoding = 4; lastKnownFileType = file.xib; path = MiniPictourViewController.xib; sourceTree = "<group>"; };
		5D9044BD179DD80800445280 /* Parse.framework */ = {isa = PBXFileReference; lastKnownFileType = wrapper.framework; path = Parse.framework; sourceTree = "<group>"; };
		5D9044BF179DD89100445280 /* AudioToolbox.framework */ = {isa = PBXFileReference; lastKnownFileType = wrapper.framework; name = AudioToolbox.framework; path = System/Library/Frameworks/AudioToolbox.framework; sourceTree = SDKROOT; };
		5D9044C0179DD89100445280 /* CFNetwork.framework */ = {isa = PBXFileReference; lastKnownFileType = wrapper.framework; name = CFNetwork.framework; path = System/Library/Frameworks/CFNetwork.framework; sourceTree = SDKROOT; };
		5D9044C1179DD89100445280 /* CoreLocation.framework */ = {isa = PBXFileReference; lastKnownFileType = wrapper.framework; name = CoreLocation.framework; path = System/Library/Frameworks/CoreLocation.framework; sourceTree = SDKROOT; };
		5D9044C2179DD89100445280 /* libbz2.1.0.dylib */ = {isa = PBXFileReference; lastKnownFileType = "compiled.mach-o.dylib"; name = libbz2.1.0.dylib; path = usr/lib/libbz2.1.0.dylib; sourceTree = SDKROOT; };
		5D9044C3179DD89100445280 /* libbz2.dylib */ = {isa = PBXFileReference; lastKnownFileType = "compiled.mach-o.dylib"; name = libbz2.dylib; path = usr/lib/libbz2.dylib; sourceTree = SDKROOT; };
		5D9044C4179DD89100445280 /* MobileCoreServices.framework */ = {isa = PBXFileReference; lastKnownFileType = wrapper.framework; name = MobileCoreServices.framework; path = System/Library/Frameworks/MobileCoreServices.framework; sourceTree = SDKROOT; };
		5D9044C5179DD89100445280 /* QuartzCore.framework */ = {isa = PBXFileReference; lastKnownFileType = wrapper.framework; name = QuartzCore.framework; path = System/Library/Frameworks/QuartzCore.framework; sourceTree = SDKROOT; };
		5D9044C6179DD89100445280 /* StoreKit.framework */ = {isa = PBXFileReference; lastKnownFileType = wrapper.framework; name = StoreKit.framework; path = System/Library/Frameworks/StoreKit.framework; sourceTree = SDKROOT; };
		5D9044C7179DD89100445280 /* SystemConfiguration.framework */ = {isa = PBXFileReference; lastKnownFileType = wrapper.framework; name = SystemConfiguration.framework; path = System/Library/Frameworks/SystemConfiguration.framework; sourceTree = SDKROOT; };
		5D93366117A6DDD700C86F21 /* TourViewController.h */ = {isa = PBXFileReference; fileEncoding = 4; lastKnownFileType = sourcecode.c.h; path = TourViewController.h; sourceTree = "<group>"; };
		5D93366217A6DDD700C86F21 /* TourViewController.m */ = {isa = PBXFileReference; fileEncoding = 4; lastKnownFileType = sourcecode.c.objc; path = TourViewController.m; sourceTree = "<group>"; };
		5D93366317A6DDD700C86F21 /* TourViewController.xib */ = {isa = PBXFileReference; fileEncoding = 4; lastKnownFileType = file.xib; path = TourViewController.xib; sourceTree = "<group>"; };
		5D93366617A71AA700C86F21 /* NewTourPointViewController.h */ = {isa = PBXFileReference; fileEncoding = 4; lastKnownFileType = sourcecode.c.h; path = NewTourPointViewController.h; sourceTree = "<group>"; };
		5D93366717A71AA700C86F21 /* NewTourPointViewController.m */ = {isa = PBXFileReference; fileEncoding = 4; lastKnownFileType = sourcecode.c.objc; path = NewTourPointViewController.m; sourceTree = "<group>"; };
		5D93366817A71AA700C86F21 /* NewTourPointViewController.xib */ = {isa = PBXFileReference; fileEncoding = 4; lastKnownFileType = file.xib; path = NewTourPointViewController.xib; sourceTree = "<group>"; };
		5D93469317A02DC400A75FAA /* MapKit.framework */ = {isa = PBXFileReference; lastKnownFileType = wrapper.framework; name = MapKit.framework; path = System/Library/Frameworks/MapKit.framework; sourceTree = SDKROOT; };
		5D93469517A045D000A75FAA /* Annotation.h */ = {isa = PBXFileReference; fileEncoding = 4; lastKnownFileType = sourcecode.c.h; path = Annotation.h; sourceTree = "<group>"; };
		5D93469617A045D000A75FAA /* Annotation.m */ = {isa = PBXFileReference; fileEncoding = 4; lastKnownFileType = sourcecode.c.objc; path = Annotation.m; sourceTree = "<group>"; };
		5D93469817A061DA00A75FAA /* TourCreationViewController.h */ = {isa = PBXFileReference; fileEncoding = 4; lastKnownFileType = sourcecode.c.h; path = TourCreationViewController.h; sourceTree = "<group>"; };
		5D93469917A061DA00A75FAA /* TourCreationViewController.m */ = {isa = PBXFileReference; fileEncoding = 4; lastKnownFileType = sourcecode.c.objc; path = TourCreationViewController.m; sourceTree = "<group>"; };
		5D93469A17A061DA00A75FAA /* TourCreationViewController.xib */ = {isa = PBXFileReference; fileEncoding = 4; lastKnownFileType = file.xib; path = TourCreationViewController.xib; sourceTree = "<group>"; };
		5D93469D17A0868700A75FAA /* TPKeyboardAvoidingScrollView.h */ = {isa = PBXFileReference; fileEncoding = 4; lastKnownFileType = sourcecode.c.h; path = TPKeyboardAvoidingScrollView.h; sourceTree = "<group>"; };
		5D93469E17A0868700A75FAA /* TPKeyboardAvoidingScrollView.m */ = {isa = PBXFileReference; fileEncoding = 4; lastKnownFileType = sourcecode.c.objc; path = TPKeyboardAvoidingScrollView.m; sourceTree = "<group>"; };
		5D99A3D417A964EB004A51F0 /* TourCell.h */ = {isa = PBXFileReference; fileEncoding = 4; lastKnownFileType = sourcecode.c.h; path = TourCell.h; sourceTree = "<group>"; };
		5D99A3D517A964EB004A51F0 /* TourCell.m */ = {isa = PBXFileReference; fileEncoding = 4; lastKnownFileType = sourcecode.c.objc; path = TourCell.m; sourceTree = "<group>"; };
		5D99A3D717A9CB56004A51F0 /* TourDescriptionViewController.h */ = {isa = PBXFileReference; fileEncoding = 4; lastKnownFileType = sourcecode.c.h; path = TourDescriptionViewController.h; sourceTree = "<group>"; };
		5D99A3D817A9CB57004A51F0 /* TourDescriptionViewController.m */ = {isa = PBXFileReference; fileEncoding = 4; lastKnownFileType = sourcecode.c.objc; path = TourDescriptionViewController.m; sourceTree = "<group>"; };
		5D99A3D917A9CB57004A51F0 /* TourDescriptionViewController.xib */ = {isa = PBXFileReference; fileEncoding = 4; lastKnownFileType = file.xib; path = TourDescriptionViewController.xib; sourceTree = "<group>"; };
		5DB78B26179F25660071BC97 /* MiniPictourMapViewController.h */ = {isa = PBXFileReference; fileEncoding = 4; lastKnownFileType = sourcecode.c.h; path = MiniPictourMapViewController.h; sourceTree = "<group>"; };
		5DB78B27179F25660071BC97 /* MiniPictourMapViewController.m */ = {isa = PBXFileReference; fileEncoding = 4; lastKnownFileType = sourcecode.c.objc; path = MiniPictourMapViewController.m; sourceTree = "<group>"; };
		5DB78B28179F25660071BC97 /* MiniPictourMapViewController.xib */ = {isa = PBXFileReference; fileEncoding = 4; lastKnownFileType = file.xib; path = MiniPictourMapViewController.xib; sourceTree = "<group>"; };
		5DFBEA2E17A872F40016D6AD /* UserToursViewController.h */ = {isa = PBXFileReference; fileEncoding = 4; lastKnownFileType = sourcecode.c.h; path = UserToursViewController.h; sourceTree = "<group>"; };
		5DFBEA2F17A872F40016D6AD /* UserToursViewController.m */ = {isa = PBXFileReference; fileEncoding = 4; lastKnownFileType = sourcecode.c.objc; path = UserToursViewController.m; sourceTree = "<group>"; };
/* End PBXFileReference section */

/* Begin PBXFrameworksBuildPhase section */
		5D9043A7179DA7C700445280 /* Frameworks */ = {
			isa = PBXFrameworksBuildPhase;
			buildActionMask = 2147483647;
			files = (
				5D93469417A02DC400A75FAA /* MapKit.framework in Frameworks */,
				5D9044C8179DD89100445280 /* AudioToolbox.framework in Frameworks */,
				5D9044C9179DD89100445280 /* CFNetwork.framework in Frameworks */,
				5D9044CA179DD89100445280 /* CoreLocation.framework in Frameworks */,
				5D9044CB179DD89100445280 /* libbz2.1.0.dylib in Frameworks */,
				5D9044CC179DD89100445280 /* libbz2.dylib in Frameworks */,
				5D9044CD179DD89100445280 /* MobileCoreServices.framework in Frameworks */,
				5D9044CE179DD89100445280 /* QuartzCore.framework in Frameworks */,
				5D9044CF179DD89100445280 /* StoreKit.framework in Frameworks */,
				5D9044D0179DD89100445280 /* SystemConfiguration.framework in Frameworks */,
				5D9043B2179DA7C700445280 /* CoreGraphics.framework in Frameworks */,
				5D9043DD179DAF2B00445280 /* Security.framework in Frameworks */,
				5D9043D9179DAF2B00445280 /* Accounts.framework in Frameworks */,
				5D9043DA179DAF2B00445280 /* AdSupport.framework in Frameworks */,
				5D9043DB179DAF2B00445280 /* libsqlite3.0.dylib in Frameworks */,
				5D9043DC179DAF2B00445280 /* libsqlite3.dylib in Frameworks */,
				5D9043DE179DAF2B00445280 /* Social.framework in Frameworks */,
				5D9043AE179DA7C700445280 /* UIKit.framework in Frameworks */,
				5D9043B0179DA7C700445280 /* Foundation.framework in Frameworks */,
				5D9043B4179DA7C700445280 /* CoreData.framework in Frameworks */,
				5D9043D0179DAE1400445280 /* FacebookSDK.framework in Frameworks */,
				5D9044BE179DD80800445280 /* Parse.framework in Frameworks */,
			);
			runOnlyForDeploymentPostprocessing = 0;
		};
/* End PBXFrameworksBuildPhase section */

/* Begin PBXGroup section */
		5D9043A1179DA7C700445280 = {
			isa = PBXGroup;
			children = (
				5D9043B5179DA7C700445280 /* MiniPictour */,
				5D9043AC179DA7C700445280 /* Frameworks */,
				5D9043AB179DA7C700445280 /* Products */,
				5D90449B179DBB7200445280 /* AFNetworking */,
			);
			sourceTree = "<group>";
		};
		5D9043AB179DA7C700445280 /* Products */ = {
			isa = PBXGroup;
			children = (
				5D9043AA179DA7C700445280 /* MiniPictour.app */,
			);
			name = Products;
			sourceTree = "<group>";
		};
		5D9043AC179DA7C700445280 /* Frameworks */ = {
			isa = PBXGroup;
			children = (
				5D93469317A02DC400A75FAA /* MapKit.framework */,
				5D9044BF179DD89100445280 /* AudioToolbox.framework */,
				5D9044C0179DD89100445280 /* CFNetwork.framework */,
				5D9044C1179DD89100445280 /* CoreLocation.framework */,
				5D9044C2179DD89100445280 /* libbz2.1.0.dylib */,
				5D9044C3179DD89100445280 /* libbz2.dylib */,
				5D9044C4179DD89100445280 /* MobileCoreServices.framework */,
				5D9044C5179DD89100445280 /* QuartzCore.framework */,
				5D9044C6179DD89100445280 /* StoreKit.framework */,
				5D9044C7179DD89100445280 /* SystemConfiguration.framework */,
				5D9044BD179DD80800445280 /* Parse.framework */,
				5D9043D3179DAF2B00445280 /* Accounts.framework */,
				5D9043D4179DAF2B00445280 /* AdSupport.framework */,
				5D9043D5179DAF2B00445280 /* libsqlite3.0.dylib */,
				5D9043D6179DAF2B00445280 /* libsqlite3.dylib */,
				5D9043D7179DAF2B00445280 /* Security.framework */,
				5D9043D8179DAF2B00445280 /* Social.framework */,
				5D9043D1179DAE8600445280 /* FacebookSDKResources.bundle */,
				5D9043CF179DAE1400445280 /* FacebookSDK.framework */,
				5D9043AD179DA7C700445280 /* UIKit.framework */,
				5D9043AF179DA7C700445280 /* Foundation.framework */,
				5D9043B1179DA7C700445280 /* CoreGraphics.framework */,
				5D9043B3179DA7C700445280 /* CoreData.framework */,
			);
			name = Frameworks;
			sourceTree = "<group>";
		};
		5D9043B5179DA7C700445280 /* MiniPictour */ = {
			isa = PBXGroup;
			children = (
				5D9043BE179DA7C700445280 /* MiniPictourAppDelegate.h */,
				5D9043BF179DA7C700445280 /* MiniPictourAppDelegate.m */,
				5D9044B8179DD4F800445280 /* MiniPictourViewController.h */,
				5D9044B9179DD4F800445280 /* MiniPictourViewController.m */,
				5D9044BA179DD4F800445280 /* MiniPictourViewController.xib */,
				5DB78B26179F25660071BC97 /* MiniPictourMapViewController.h */,
				5DB78B27179F25660071BC97 /* MiniPictourMapViewController.m */,
				5DB78B28179F25660071BC97 /* MiniPictourMapViewController.xib */,
				5D93469517A045D000A75FAA /* Annotation.h */,
				5D93469617A045D000A75FAA /* Annotation.m */,
				5D93469817A061DA00A75FAA /* TourCreationViewController.h */,
				5D93469917A061DA00A75FAA /* TourCreationViewController.m */,
				5D93469A17A061DA00A75FAA /* TourCreationViewController.xib */,
				5D93366117A6DDD700C86F21 /* TourViewController.h */,
				5D93366217A6DDD700C86F21 /* TourViewController.m */,
				5D93366317A6DDD700C86F21 /* TourViewController.xib */,
				5D93366617A71AA700C86F21 /* NewTourPointViewController.h */,
				5D93366717A71AA700C86F21 /* NewTourPointViewController.m */,
				5D93366817A71AA700C86F21 /* NewTourPointViewController.xib */,
				5DFBEA2E17A872F40016D6AD /* UserToursViewController.h */,
				5DFBEA2F17A872F40016D6AD /* UserToursViewController.m */,
				5D99A3D417A964EB004A51F0 /* TourCell.h */,
				5D99A3D517A964EB004A51F0 /* TourCell.m */,
				5D99A3D717A9CB56004A51F0 /* TourDescriptionViewController.h */,
				5D99A3D817A9CB57004A51F0 /* TourDescriptionViewController.m */,
				5D99A3D917A9CB57004A51F0 /* TourDescriptionViewController.xib */,
				5D9043B6179DA7C700445280 /* Supporting Files */,
			);
			path = MiniPictour;
			sourceTree = "<group>";
		};
		5D9043B6179DA7C700445280 /* Supporting Files */ = {
			isa = PBXGroup;
			children = (
				5D93469D17A0868700A75FAA /* TPKeyboardAvoidingScrollView.h */,
				5D93469E17A0868700A75FAA /* TPKeyboardAvoidingScrollView.m */,
				5D9043B7179DA7C700445280 /* MiniPictour-Info.plist */,
				5D9043B8179DA7C700445280 /* InfoPlist.strings */,
				5D9043BB179DA7C700445280 /* main.m */,
				5D9043BD179DA7C700445280 /* MiniPictour-Prefix.pch */,
				5D9043C1179DA7C700445280 /* Default.png */,
				5D9043C3179DA7C700445280 /* Default@2x.png */,
				5D9043C5179DA7C700445280 /* Default-568h@2x.png */,
			);
			name = "Supporting Files";
			sourceTree = "<group>";
		};
		5D90449B179DBB7200445280 /* AFNetworking */ = {
			isa = PBXGroup;
			children = (
				5D90449C179DBB7200445280 /* AFHTTPClient.h */,
				5D90449D179DBB7200445280 /* AFHTTPClient.m */,
				5D90449E179DBB7200445280 /* AFHTTPRequestOperation.h */,
				5D90449F179DBB7200445280 /* AFHTTPRequestOperation.m */,
				5D9044A0179DBB7200445280 /* AFImageRequestOperation.h */,
				5D9044A1179DBB7200445280 /* AFImageRequestOperation.m */,
				5D9044A2179DBB7200445280 /* AFJSONRequestOperation.h */,
				5D9044A3179DBB7200445280 /* AFJSONRequestOperation.m */,
				5D9044A4179DBB7200445280 /* AFNetworkActivityIndicatorManager.h */,
				5D9044A5179DBB7200445280 /* AFNetworkActivityIndicatorManager.m */,
				5D9044A6179DBB7200445280 /* AFNetworking.h */,
				5D9044A7179DBB7200445280 /* AFPropertyListRequestOperation.h */,
				5D9044A8179DBB7200445280 /* AFPropertyListRequestOperation.m */,
				5D9044A9179DBB7200445280 /* AFURLConnectionOperation.h */,
				5D9044AA179DBB7200445280 /* AFURLConnectionOperation.m */,
				5D9044AB179DBB7200445280 /* AFXMLRequestOperation.h */,
				5D9044AC179DBB7200445280 /* AFXMLRequestOperation.m */,
				5D9044AD179DBB7200445280 /* UIImageView+AFNetworking.h */,
				5D9044AE179DBB7200445280 /* UIImageView+AFNetworking.m */,
			);
			path = AFNetworking;
			sourceTree = "<group>";
		};
/* End PBXGroup section */

/* Begin PBXNativeTarget section */
		5D9043A9179DA7C700445280 /* MiniPictour */ = {
			isa = PBXNativeTarget;
			buildConfigurationList = 5D9043CC179DA7C700445280 /* Build configuration list for PBXNativeTarget "MiniPictour" */;
			buildPhases = (
				5D9043A6179DA7C700445280 /* Sources */,
				5D9043A7179DA7C700445280 /* Frameworks */,
				5D9043A8179DA7C700445280 /* Resources */,
			);
			buildRules = (
			);
			dependencies = (
			);
			name = MiniPictour;
			productName = MiniPictour;
			productReference = 5D9043AA179DA7C700445280 /* MiniPictour.app */;
			productType = "com.apple.product-type.application";
		};
/* End PBXNativeTarget section */

/* Begin PBXProject section */
		5D9043A2179DA7C700445280 /* Project object */ = {
			isa = PBXProject;
			attributes = {
				CLASSPREFIX = MiniPictour;
				LastUpgradeCheck = 0460;
				ORGANIZATIONNAME = "Miguel Elvir";
			};
			buildConfigurationList = 5D9043A5179DA7C700445280 /* Build configuration list for PBXProject "MiniPictour" */;
			compatibilityVersion = "Xcode 3.2";
			developmentRegion = English;
			hasScannedForEncodings = 0;
			knownRegions = (
				en,
			);
			mainGroup = 5D9043A1179DA7C700445280;
			productRefGroup = 5D9043AB179DA7C700445280 /* Products */;
			projectDirPath = "";
			projectRoot = "";
			targets = (
				5D9043A9179DA7C700445280 /* MiniPictour */,
			);
		};
/* End PBXProject section */

/* Begin PBXResourcesBuildPhase section */
		5D9043A8179DA7C700445280 /* Resources */ = {
			isa = PBXResourcesBuildPhase;
			buildActionMask = 2147483647;
			files = (
				5D9043BA179DA7C700445280 /* InfoPlist.strings in Resources */,
				5D9043C2179DA7C700445280 /* Default.png in Resources */,
				5D9043C4179DA7C700445280 /* Default@2x.png in Resources */,
				5D9043C6179DA7C700445280 /* Default-568h@2x.png in Resources */,
				5D9043D2179DAE8600445280 /* FacebookSDKResources.bundle in Resources */,
				5D9044BC179DD4F800445280 /* MiniPictourViewController.xib in Resources */,
				5DB78B2A179F25660071BC97 /* MiniPictourMapViewController.xib in Resources */,
				5D93469C17A061DA00A75FAA /* TourCreationViewController.xib in Resources */,
				5D93366517A6DDD700C86F21 /* TourViewController.xib in Resources */,
				5D93366A17A71AA700C86F21 /* NewTourPointViewController.xib in Resources */,
				5D99A3DB17A9CB57004A51F0 /* TourDescriptionViewController.xib in Resources */,
			);
			runOnlyForDeploymentPostprocessing = 0;
		};
/* End PBXResourcesBuildPhase section */

/* Begin PBXSourcesBuildPhase section */
		5D9043A6179DA7C700445280 /* Sources */ = {
			isa = PBXSourcesBuildPhase;
			buildActionMask = 2147483647;
			files = (
				5D9043BC179DA7C700445280 /* main.m in Sources */,
				5D9043C0179DA7C700445280 /* MiniPictourAppDelegate.m in Sources */,
				5D9044AF179DBB7200445280 /* AFHTTPClient.m in Sources */,
				5D9044B0179DBB7200445280 /* AFHTTPRequestOperation.m in Sources */,
				5D9044B1179DBB7200445280 /* AFImageRequestOperation.m in Sources */,
				5D9044B2179DBB7200445280 /* AFJSONRequestOperation.m in Sources */,
				5D9044B3179DBB7200445280 /* AFNetworkActivityIndicatorManager.m in Sources */,
				5D9044B4179DBB7200445280 /* AFPropertyListRequestOperation.m in Sources */,
				5D9044B5179DBB7200445280 /* AFURLConnectionOperation.m in Sources */,
				5D9044B6179DBB7200445280 /* AFXMLRequestOperation.m in Sources */,
				5D9044B7179DBB7200445280 /* UIImageView+AFNetworking.m in Sources */,
				5D9044BB179DD4F800445280 /* MiniPictourViewController.m in Sources */,
				5DB78B29179F25660071BC97 /* MiniPictourMapViewController.m in Sources */,
				5D93469717A045D000A75FAA /* Annotation.m in Sources */,
				5D93469B17A061DA00A75FAA /* TourCreationViewController.m in Sources */,
				5D93469F17A0868700A75FAA /* TPKeyboardAvoidingScrollView.m in Sources */,
				5D93366417A6DDD700C86F21 /* TourViewController.m in Sources */,
				5D93366917A71AA700C86F21 /* NewTourPointViewController.m in Sources */,
				5DFBEA3117A872F50016D6AD /* UserToursViewController.m in Sources */,
				5D99A3D617A964EB004A51F0 /* TourCell.m in Sources */,
				5D99A3DA17A9CB57004A51F0 /* TourDescriptionViewController.m in Sources */,
			);
			runOnlyForDeploymentPostprocessing = 0;
		};
/* End PBXSourcesBuildPhase section */

/* Begin PBXVariantGroup section */
		5D9043B8179DA7C700445280 /* InfoPlist.strings */ = {
			isa = PBXVariantGroup;
			children = (
				5D9043B9179DA7C700445280 /* en */,
			);
			name = InfoPlist.strings;
			sourceTree = "<group>";
		};
/* End PBXVariantGroup section */

/* Begin XCBuildConfiguration section */
		5D9043CA179DA7C700445280 /* Debug */ = {
			isa = XCBuildConfiguration;
			buildSettings = {
				ALWAYS_SEARCH_USER_PATHS = NO;
				CLANG_CXX_LANGUAGE_STANDARD = "gnu++0x";
				CLANG_CXX_LIBRARY = "libc++";
				CLANG_WARN_CONSTANT_CONVERSION = YES;
				CLANG_WARN_EMPTY_BODY = YES;
				CLANG_WARN_ENUM_CONVERSION = YES;
				CLANG_WARN_INT_CONVERSION = YES;
				CLANG_WARN__DUPLICATE_METHOD_MATCH = YES;
				"CODE_SIGN_IDENTITY[sdk=iphoneos*]" = "iPhone Developer";
				COPY_PHASE_STRIP = NO;
				GCC_C_LANGUAGE_STANDARD = gnu99;
				GCC_DYNAMIC_NO_PIC = NO;
				GCC_OPTIMIZATION_LEVEL = 0;
				GCC_PREPROCESSOR_DEFINITIONS = (
					"DEBUG=1",
					"$(inherited)",
				);
				GCC_SYMBOLS_PRIVATE_EXTERN = NO;
				GCC_WARN_ABOUT_RETURN_TYPE = YES;
				GCC_WARN_UNINITIALIZED_AUTOS = YES;
				GCC_WARN_UNUSED_VARIABLE = YES;
				IPHONEOS_DEPLOYMENT_TARGET = 6.1;
				ONLY_ACTIVE_ARCH = YES;
				SDKROOT = iphoneos;
				TARGETED_DEVICE_FAMILY = "1,2";
			};
			name = Debug;
		};
		5D9043CB179DA7C700445280 /* Release */ = {
			isa = XCBuildConfiguration;
			buildSettings = {
				ALWAYS_SEARCH_USER_PATHS = NO;
				CLANG_CXX_LANGUAGE_STANDARD = "gnu++0x";
				CLANG_CXX_LIBRARY = "libc++";
				CLANG_WARN_CONSTANT_CONVERSION = YES;
				CLANG_WARN_EMPTY_BODY = YES;
				CLANG_WARN_ENUM_CONVERSION = YES;
				CLANG_WARN_INT_CONVERSION = YES;
				CLANG_WARN__DUPLICATE_METHOD_MATCH = YES;
				"CODE_SIGN_IDENTITY[sdk=iphoneos*]" = "iPhone Developer";
				COPY_PHASE_STRIP = YES;
				GCC_C_LANGUAGE_STANDARD = gnu99;
				GCC_WARN_ABOUT_RETURN_TYPE = YES;
				GCC_WARN_UNINITIALIZED_AUTOS = YES;
				GCC_WARN_UNUSED_VARIABLE = YES;
				IPHONEOS_DEPLOYMENT_TARGET = 6.1;
				OTHER_CFLAGS = "-DNS_BLOCK_ASSERTIONS=1";
				SDKROOT = iphoneos;
				TARGETED_DEVICE_FAMILY = "1,2";
				VALIDATE_PRODUCT = YES;
			};
			name = Release;
		};
		5D9043CD179DA7C700445280 /* Debug */ = {
			isa = XCBuildConfiguration;
			buildSettings = {
				FRAMEWORK_SEARCH_PATHS = (
					"$(inherited)",
					"\"$(SRCROOT)\"",
				);
				GCC_PRECOMPILE_PREFIX_HEADER = YES;
				GCC_PREFIX_HEADER = "MiniPictour/MiniPictour-Prefix.pch";
				INFOPLIST_FILE = "MiniPictour/MiniPictour-Info.plist";
				IPHONEOS_DEPLOYMENT_TARGET = 5.0;
				PRODUCT_NAME = "$(TARGET_NAME)";
				WRAPPER_EXTENSION = app;
			};
			name = Debug;
		};
		5D9043CE179DA7C700445280 /* Release */ = {
			isa = XCBuildConfiguration;
			buildSettings = {
				FRAMEWORK_SEARCH_PATHS = (
					"$(inherited)",
					"\"$(SRCROOT)\"",
				);
				GCC_PRECOMPILE_PREFIX_HEADER = YES;
				GCC_PREFIX_HEADER = "MiniPictour/MiniPictour-Prefix.pch";
				INFOPLIST_FILE = "MiniPictour/MiniPictour-Info.plist";
				IPHONEOS_DEPLOYMENT_TARGET = 5.0;
				PRODUCT_NAME = "$(TARGET_NAME)";
				WRAPPER_EXTENSION = app;
			};
			name = Release;
		};
/* End XCBuildConfiguration section */

/* Begin XCConfigurationList section */
		5D9043A5179DA7C700445280 /* Build configuration list for PBXProject "MiniPictour" */ = {
			isa = XCConfigurationList;
			buildConfigurations = (
				5D9043CA179DA7C700445280 /* Debug */,
				5D9043CB179DA7C700445280 /* Release */,
			);
			defaultConfigurationIsVisible = 0;
			defaultConfigurationName = Release;
		};
		5D9043CC179DA7C700445280 /* Build configuration list for PBXNativeTarget "MiniPictour" */ = {
			isa = XCConfigurationList;
			buildConfigurations = (
				5D9043CD179DA7C700445280 /* Debug */,
				5D9043CE179DA7C700445280 /* Release */,
			);
			defaultConfigurationIsVisible = 0;
			defaultConfigurationName = Release;
		};
/* End XCConfigurationList section */
	};
	rootObject = 5D9043A2179DA7C700445280 /* Project object */;
}
